
Microsoft Visual Studio Solution File, Format Version 12.00
# Visual Studio Version 16
VisualStudioVersion = 16.0.29020.237
MinimumVisualStudioVersion = 10.0.40219.1
Project("{FAE04EC0-301F-11D3-BF4B-00C04F79EFBC}") = "WebApplication2", "WebApplication2\WebApplication2.csproj", "{00A86F1A-B38F-422A-8192-DEF63E9A2F0D}"
EndProject
Global
	GlobalSection(SolutionConfigurationPlatforms) = preSolution
		Debug|Any CPU = Debug|Any CPU
		Release|Any CPU = Release|Any CPU
	EndGlobalSection
	GlobalSection(ProjectConfigurationPlatforms) = postSolution
		{00A86F1A-B38F-422A-8192-DEF63E9A2F0D}.Debug|Any CPU.ActiveCfg = Debug|Any CPU
		{00A86F1A-B38F-422A-8192-DEF63E9A2F0D}.Debug|Any CPU.Build.0 = Debug|Any CPU
		{00A86F1A-B38F-422A-8192-DEF63E9A2F0D}.Release|Any CPU.ActiveCfg = Release|Any CPU
		{00A86F1A-B38F-422A-8192-DEF63E9A2F0D}.Release|Any CPU.Build.0 = Release|Any CPU
	EndGlobalSection
	GlobalSection(SolutionProperties) = preSolution
		HideSolutionNode = FALSE
	EndGlobalSection
	GlobalSection(ExtensibilityGlobals) = postSolution
		SolutionGuid = {2841AB47-A041-424A-8673-EAA5C07244DE}
	EndGlobalSection
EndGlobal
